
Microsoft Visual Studio Solution File, Format Version 12.00
# Visual Studio Version 16
VisualStudioVersion = 16.0.31911.196
MinimumVisualStudioVersion = 10.0.40219.1
Project("{FAE04EC0-301F-11D3-BF4B-00C04F79EFBC}") = "Task2", "Task2\Task2.csproj", "{1BA5BC45-BE4F-4607-ADA3-3B4469B13BEE}"
EndProject
Project("{FAE04EC0-301F-11D3-BF4B-00C04F79EFBC}") = "Task3", "Task3\Task3.csproj", "{12BA3A7E-058F-4A1B-A657-3C0CEEB386EE}"
EndProject
Global
	GlobalSection(SolutionConfigurationPlatforms) = preSolution
		Debug|Any CPU = Debug|Any CPU
		Release|Any CPU = Release|Any CPU
	EndGlobalSection
	GlobalSection(ProjectConfigurationPlatforms) = postSolution
		{1BA5BC45-BE4F-4607-ADA3-3B4469B13BEE}.Debug|Any CPU.ActiveCfg = Debug|Any CPU
		{1BA5BC45-BE4F-4607-ADA3-3B4469B13BEE}.Debug|Any CPU.Build.0 = Debug|Any CPU
		{1BA5BC45-BE4F-4607-ADA3-3B4469B13BEE}.Release|Any CPU.ActiveCfg = Release|Any CPU
		{1BA5BC45-BE4F-4607-ADA3-3B4469B13BEE}.Release|Any CPU.Build.0 = Release|Any CPU
		{12BA3A7E-058F-4A1B-A657-3C0CEEB386EE}.Debug|Any CPU.ActiveCfg = Debug|Any CPU
		{12BA3A7E-058F-4A1B-A657-3C0CEEB386EE}.Debug|Any CPU.Build.0 = Debug|Any CPU
		{12BA3A7E-058F-4A1B-A657-3C0CEEB386EE}.Release|Any CPU.ActiveCfg = Release|Any CPU
		{12BA3A7E-058F-4A1B-A657-3C0CEEB386EE}.Release|Any CPU.Build.0 = Release|Any CPU
	EndGlobalSection
	GlobalSection(SolutionProperties) = preSolution
		HideSolutionNode = FALSE
	EndGlobalSection
	GlobalSection(ExtensibilityGlobals) = postSolution
		SolutionGuid = {50ED615D-B48A-48FC-A06A-0195CF2FA127}
	EndGlobalSection
EndGlobal
